
Microsoft Visual Studio Solution File, Format Version 12.00
# Visual Studio Version 16
VisualStudioVersion = 16.0.30608.117
MinimumVisualStudioVersion = 10.0.40219.1
Project("{9A19103F-16F7-4668-BE54-9A1E7A4F7556}") = "ContosoIOT.DeviceClientProject", "ContosoIOT\ContosoIOT.DeviceClientProject.csproj", "{66B3805D-F49D-435B-A890-F3776F69C60F}"
EndProject
Project("{9A19103F-16F7-4668-BE54-9A1E7A4F7556}") = "ContosoIOT.Common", "ContosoIOT.Common\ContosoIOT.Common.csproj", "{E6747F9F-CA9A-4141-AF6C-3C758BFA01E0}"
EndProject
Project("{9A19103F-16F7-4668-BE54-9A1E7A4F7556}") = "ContosoIOT.Portal", "ContosoIOT.Portal\ContosoIOT.Portal.csproj", "{EB0A4E16-289A-491F-B944-3B6C8C4BDC67}"
EndProject
Project("{9A19103F-16F7-4668-BE54-9A1E7A4F7556}") = "ContosoIOT.DPS", "ContosoIOT.DPS\ContosoIOT.DPS.csproj", "{C446DC6E-6418-48E9-8154-C7F4B627E6EB}"
EndProject
Project("{9A19103F-16F7-4668-BE54-9A1E7A4F7556}") = "ContosoIOT.Queue", "ContosoIOT.Queue\ContosoIOT.Queue.csproj", "{587EA25C-C670-4969-8565-D7B32648DE3C}"
EndProject
Project("{9A19103F-16F7-4668-BE54-9A1E7A4F7556}") = "ContosoIOT.EventHub", "ContosoIOT.EventHub\ContosoIOT.EventHub.csproj", "{B585BC7C-2752-41FF-86DB-E145D792C7FB}"
EndProject
Project("{FAE04EC0-301F-11D3-BF4B-00C04F79EFBC}") = "ContosoIOT.Cosmos", "ContosoIOT.Cosmos\ContosoIOT.Cosmos.csproj", "{22E9CDE5-F939-4CA9-ACB2-27299B2F113C}"
EndProject
Global
	GlobalSection(SolutionConfigurationPlatforms) = preSolution
		Debug|Any CPU = Debug|Any CPU
		Release|Any CPU = Release|Any CPU
	EndGlobalSection
	GlobalSection(ProjectConfigurationPlatforms) = postSolution
		{66B3805D-F49D-435B-A890-F3776F69C60F}.Debug|Any CPU.ActiveCfg = Debug|Any CPU
		{66B3805D-F49D-435B-A890-F3776F69C60F}.Debug|Any CPU.Build.0 = Debug|Any CPU
		{66B3805D-F49D-435B-A890-F3776F69C60F}.Release|Any CPU.ActiveCfg = Release|Any CPU
		{66B3805D-F49D-435B-A890-F3776F69C60F}.Release|Any CPU.Build.0 = Release|Any CPU
		{E6747F9F-CA9A-4141-AF6C-3C758BFA01E0}.Debug|Any CPU.ActiveCfg = Debug|Any CPU
		{E6747F9F-CA9A-4141-AF6C-3C758BFA01E0}.Debug|Any CPU.Build.0 = Debug|Any CPU
		{E6747F9F-CA9A-4141-AF6C-3C758BFA01E0}.Release|Any CPU.ActiveCfg = Release|Any CPU
		{E6747F9F-CA9A-4141-AF6C-3C758BFA01E0}.Release|Any CPU.Build.0 = Release|Any CPU
		{EB0A4E16-289A-491F-B944-3B6C8C4BDC67}.Debug|Any CPU.ActiveCfg = Debug|Any CPU
		{EB0A4E16-289A-491F-B944-3B6C8C4BDC67}.Debug|Any CPU.Build.0 = Debug|Any CPU
		{EB0A4E16-289A-491F-B944-3B6C8C4BDC67}.Release|Any CPU.ActiveCfg = Release|Any CPU
		{EB0A4E16-289A-491F-B944-3B6C8C4BDC67}.Release|Any CPU.Build.0 = Release|Any CPU
		{C446DC6E-6418-48E9-8154-C7F4B627E6EB}.Debug|Any CPU.ActiveCfg = Debug|Any CPU
		{C446DC6E-6418-48E9-8154-C7F4B627E6EB}.Debug|Any CPU.Build.0 = Debug|Any CPU
		{C446DC6E-6418-48E9-8154-C7F4B627E6EB}.Release|Any CPU.ActiveCfg = Release|Any CPU
		{C446DC6E-6418-48E9-8154-C7F4B627E6EB}.Release|Any CPU.Build.0 = Release|Any CPU
		{587EA25C-C670-4969-8565-D7B32648DE3C}.Debug|Any CPU.ActiveCfg = Debug|Any CPU
		{587EA25C-C670-4969-8565-D7B32648DE3C}.Debug|Any CPU.Build.0 = Debug|Any CPU
		{587EA25C-C670-4969-8565-D7B32648DE3C}.Release|Any CPU.ActiveCfg = Release|Any CPU
		{587EA25C-C670-4969-8565-D7B32648DE3C}.Release|Any CPU.Build.0 = Release|Any CPU
		{B585BC7C-2752-41FF-86DB-E145D792C7FB}.Debug|Any CPU.ActiveCfg = Debug|Any CPU
		{B585BC7C-2752-41FF-86DB-E145D792C7FB}.Debug|Any CPU.Build.0 = Debug|Any CPU
		{B585BC7C-2752-41FF-86DB-E145D792C7FB}.Release|Any CPU.ActiveCfg = Release|Any CPU
		{B585BC7C-2752-41FF-86DB-E145D792C7FB}.Release|Any CPU.Build.0 = Release|Any CPU
		{22E9CDE5-F939-4CA9-ACB2-27299B2F113C}.Debug|Any CPU.ActiveCfg = Debug|Any CPU
		{22E9CDE5-F939-4CA9-ACB2-27299B2F113C}.Debug|Any CPU.Build.0 = Debug|Any CPU
		{22E9CDE5-F939-4CA9-ACB2-27299B2F113C}.Release|Any CPU.ActiveCfg = Release|Any CPU
		{22E9CDE5-F939-4CA9-ACB2-27299B2F113C}.Release|Any CPU.Build.0 = Release|Any CPU
	EndGlobalSection
	GlobalSection(SolutionProperties) = preSolution
		HideSolutionNode = FALSE
	EndGlobalSection
	GlobalSection(ExtensibilityGlobals) = postSolution
		SolutionGuid = {C588102C-3184-4188-A6DF-585BFE3C95B2}
	EndGlobalSection
EndGlobal
